// !$*UTF8*$!
{
	archiveVersion = 1;
	classes = {
	};
	objectVersion = 46;
	objects = {

/* Begin PBXBuildFile section */
		512A29E91E2A3D24002C61D7 /* AppDelegate.swift in Sources */ = {isa = PBXBuildFile; fileRef = 512A29E81E2A3D24002C61D7 /* AppDelegate.swift */; };
		512A29EB1E2A3D24002C61D7 /* ViewController.swift in Sources */ = {isa = PBXBuildFile; fileRef = 512A29EA1E2A3D24002C61D7 /* ViewController.swift */; };
		512A29EE1E2A3D24002C61D7 /* Main.storyboard in Resources */ = {isa = PBXBuildFile; fileRef = 512A29EC1E2A3D24002C61D7 /* Main.storyboard */; };
		512A29F01E2A3D24002C61D7 /* Assets.xcassets in Resources */ = {isa = PBXBuildFile; fileRef = 512A29EF1E2A3D24002C61D7 /* Assets.xcassets */; };
		512A29F31E2A3D24002C61D7 /* LaunchScreen.storyboard in Resources */ = {isa = PBXBuildFile; fileRef = 512A29F11E2A3D24002C61D7 /* LaunchScreen.storyboard */; };
		512A29FB1E2CF481002C61D7 /* BigImageViewController.swift in Sources */ = {isa = PBXBuildFile; fileRef = 512A29FA1E2CF481002C61D7 /* BigImageViewController.swift */; };
		512A29FF1E2CF8BE002C61D7 /* 2.png in Resources */ = {isa = PBXBuildFile; fileRef = 512A29FC1E2CF8BE002C61D7 /* 2.png */; };
		512A2A001E2CF8BE002C61D7 /* 0.png in Resources */ = {isa = PBXBuildFile; fileRef = 512A29FD1E2CF8BE002C61D7 /* 0.png */; };
		512A2A011E2CF8BE002C61D7 /* 1.png in Resources */ = {isa = PBXBuildFile; fileRef = 512A29FE1E2CF8BE002C61D7 /* 1.png */; };
/* End PBXBuildFile section */

/* Begin PBXFileReference section */
		512A29E51E2A3D24002C61D7 /* SlideshowApp.app */ = {isa = PBXFileReference; explicitFileType = wrapper.application; includeInIndex = 0; path = SlideshowApp.app; sourceTree = BUILT_PRODUCTS_DIR; };
		512A29E81E2A3D24002C61D7 /* AppDelegate.swift */ = {isa = PBXFileReference; lastKnownFileType = sourcecode.swift; path = AppDelegate.swift; sourceTree = "<group>"; };
		512A29EA1E2A3D24002C61D7 /* ViewController.swift */ = {isa = PBXFileReference; lastKnownFileType = sourcecode.swift; path = ViewController.swift; sourceTree = "<group>"; };
		512A29ED1E2A3D24002C61D7 /* Base */ = {isa = PBXFileReference; lastKnownFileType = file.storyboard; name = Base; path = Base.lproj/Main.storyboard; sourceTree = "<group>"; };
		512A29EF1E2A3D24002C61D7 /* Assets.xcassets */ = {isa = PBXFileReference; lastKnownFileType = folder.assetcatalog; path = Assets.xcassets; sourceTree = "<group>"; };
		512A29F21E2A3D24002C61D7 /* Base */ = {isa = PBXFileReference; lastKnownFileType = file.storyboard; name = Base; path = Base.lproj/LaunchScreen.storyboard; sourceTree = "<group>"; };
		512A29F41E2A3D24002C61D7 /* Info.plist */ = {isa = PBXFileReference; lastKnownFileType = text.plist.xml; path = Info.plist; sourceTree = "<group>"; };
		512A29FA1E2CF481002C61D7 /* BigImageViewController.swift */ = {isa = PBXFileReference; fileEncoding = 4; lastKnownFileType = sourcecode.swift; path = BigImageViewController.swift; sourceTree = "<group>"; };
		512A29FC1E2CF8BE002C61D7 /* 2.png */ = {isa = PBXFileReference; lastKnownFileType = image.png; path = 2.png; sourceTree = "<group>"; };
		512A29FD1E2CF8BE002C61D7 /* 0.png */ = {isa = PBXFileReference; lastKnownFileType = image.png; path = 0.png; sourceTree = "<group>"; };
		512A29FE1E2CF8BE002C61D7 /* 1.png */ = {isa = PBXFileReference; lastKnownFileType = image.png; path = 1.png; sourceTree = "<group>"; };
/* End PBXFileReference section */

/* Begin PBXFrameworksBuildPhase section */
		512A29E21E2A3D24002C61D7 /* Frameworks */ = {
			isa = PBXFrameworksBuildPhase;
			buildActionMask = 2147483647;
			files = (
			);
			runOnlyForDeploymentPostprocessing = 0;
		};
/* End PBXFrameworksBuildPhase section */

/* Begin PBXGroup section */
		512A29DC1E2A3D24002C61D7 = {
			isa = PBXGroup;
			children = (
				512A29E71E2A3D24002C61D7 /* SlideshowApp */,
				512A29E61E2A3D24002C61D7 /* Products */,
			);
			sourceTree = "<group>";
		};
		512A29E61E2A3D24002C61D7 /* Products */ = {
			isa = PBXGroup;
			children = (
				512A29E51E2A3D24002C61D7 /* SlideshowApp.app */,
			);
			name = Products;
			sourceTree = "<group>";
		};
		512A29E71E2A3D24002C61D7 /* SlideshowApp */ = {
			isa = PBXGroup;
			children = (
				512A29FC1E2CF8BE002C61D7 /* 2.png */,
				512A29FD1E2CF8BE002C61D7 /* 0.png */,
				512A29FE1E2CF8BE002C61D7 /* 1.png */,
				512A29E81E2A3D24002C61D7 /* AppDelegate.swift */,
				512A29EA1E2A3D24002C61D7 /* ViewController.swift */,
				512A29EC1E2A3D24002C61D7 /* Main.storyboard */,
				512A29EF1E2A3D24002C61D7 /* Assets.xcassets */,
				512A29F11E2A3D24002C61D7 /* LaunchScreen.storyboard */,
				512A29F41E2A3D24002C61D7 /* Info.plist */,
				512A29FA1E2CF481002C61D7 /* BigImageViewController.swift */,
			);
			path = SlideshowApp;
			sourceTree = "<group>";
		};
/* End PBXGroup section */

/* Begin PBXNativeTarget section */
		512A29E41E2A3D24002C61D7 /* SlideshowApp */ = {
			isa = PBXNativeTarget;
			buildConfigurationList = 512A29F71E2A3D24002C61D7 /* Build configuration list for PBXNativeTarget "SlideshowApp" */;
			buildPhases = (
				512A29E11E2A3D24002C61D7 /* Sources */,
				512A29E21E2A3D24002C61D7 /* Frameworks */,
				512A29E31E2A3D24002C61D7 /* Resources */,
			);
			buildRules = (
			);
			dependencies = (
			);
			name = SlideshowApp;
			productName = SlideshowApp;
			productReference = 512A29E51E2A3D24002C61D7 /* SlideshowApp.app */;
			productType = "com.apple.product-type.application";
		};
/* End PBXNativeTarget section */

/* Begin PBXProject section */
		512A29DD1E2A3D24002C61D7 /* Project object */ = {
			isa = PBXProject;
			attributes = {
				LastSwiftUpdateCheck = 0820;
				LastUpgradeCheck = 0820;
				ORGANIZATIONNAME = manabu.nikaido;
				TargetAttributes = {
					512A29E41E2A3D24002C61D7 = {
						CreatedOnToolsVersion = 8.2;
						ProvisioningStyle = Automatic;
					};
				};
			};
			buildConfigurationList = 512A29E01E2A3D24002C61D7 /* Build configuration list for PBXProject "SlideshowApp" */;
			compatibilityVersion = "Xcode 3.2";
			developmentRegion = English;
			hasScannedForEncodings = 0;
			knownRegions = (
				en,
				Base,
			);
			mainGroup = 512A29DC1E2A3D24002C61D7;
			productRefGroup = 512A29E61E2A3D24002C61D7 /* Products */;
			projectDirPath = "";
			projectRoot = "";
			targets = (
				512A29E41E2A3D24002C61D7 /* SlideshowApp */,
			);
		};
/* End PBXProject section */

/* Begin PBXResourcesBuildPhase section */
		512A29E31E2A3D24002C61D7 /* Resources */ = {
			isa = PBXResourcesBuildPhase;
			buildActionMask = 2147483647;
			files = (
				512A29F31E2A3D24002C61D7 /* LaunchScreen.storyboard in Resources */,
				512A2A001E2CF8BE002C61D7 /* 0.png in Resources */,
				512A29F01E2A3D24002C61D7 /* Assets.xcassets in Resources */,
				512A2A011E2CF8BE002C61D7 /* 1.png in Resources */,
				512A29FF1E2CF8BE002C61D7 /* 2.png in Resources */,
				512A29EE1E2A3D24002C61D7 /* Main.storyboard in Resources */,
			);
			runOnlyForDeploymentPostprocessing = 0;
		};
/* End PBXResourcesBuildPhase section */

/* Begin PBXSourcesBuildPhase section */
		512A29E11E2A3D24002C61D7 /* Sources */ = {
			isa = PBXSourcesBuildPhase;
			buildActionMask = 2147483647;
			files = (
				512A29EB1E2A3D24002C61D7 /* ViewController.swift in Sources */,
				512A29FB1E2CF481002C61D7 /* BigImageViewController.swift in Sources */,
				512A29E91E2A3D24002C61D7 /* AppDelegate.swift in Sources */,
			);
			runOnlyForDeploymentPostprocessing = 0;
		};
/* End PBXSourcesBuildPhase section */

/* Begin PBXVariantGroup section */
		512A29EC1E2A3D24002C61D7 /* Main.storyboard */ = {
			isa = PBXVariantGroup;
			children = (
				512A29ED1E2A3D24002C61D7 /* Base */,
			);
			name = Main.storyboard;
			sourceTree = "<group>";
		};
		512A29F11E2A3D24002C61D7 /* LaunchScreen.storyboard */ = {
			isa = PBXVariantGroup;
			children = (
				512A29F21E2A3D24002C61D7 /* Base */,
			);
			name = LaunchScreen.storyboard;
			sourceTree = "<group>";
		};
/* End PBXVariantGroup section */

/* Begin XCBuildConfiguration section */
		512A29F51E2A3D24002C61D7 /* Debug */ = {
			isa = XCBuildConfiguration;
			buildSettings = {
				ALWAYS_SEARCH_USER_PATHS = NO;
				CLANG_ANALYZER_NONNULL = YES;
				CLANG_CXX_LANGUAGE_STANDARD = "gnu++0x";
				CLANG_CXX_LIBRARY = "libc++";
				CLANG_ENABLE_MODULES = YES;
				CLANG_ENABLE_OBJC_ARC = YES;
				CLANG_WARN_BOOL_CONVERSION = YES;
				CLANG_WARN_CONSTANT_CONVERSION = YES;
				CLANG_WARN_DIRECT_OBJC_ISA_USAGE = YES_ERROR;
				CLANG_WARN_DOCUMENTATION_COMMENTS = YES;
				CLANG_WARN_EMPTY_BODY = YES;
				CLANG_WARN_ENUM_CONVERSION = YES;
				CLANG_WARN_INFINITE_RECURSION = YES;
				CLANG_WARN_INT_CONVERSION = YES;
				CLANG_WARN_OBJC_ROOT_CLASS = YES_ERROR;
				CLANG_WARN_SUSPICIOUS_MOVE = YES;
				CLANG_WARN_UNREACHABLE_CODE = YES;
				CLANG_WARN__DUPLICATE_METHOD_MATCH = YES;
				"CODE_SIGN_IDENTITY[sdk=iphoneos*]" = "iPhone Developer";
				COPY_PHASE_STRIP = NO;
				DEBUG_INFORMATION_FORMAT = dwarf;
				ENABLE_STRICT_OBJC_MSGSEND = YES;
				ENABLE_TESTABILITY = YES;
				GCC_C_LANGUAGE_STANDARD = gnu99;
				GCC_DYNAMIC_NO_PIC = NO;
				GCC_NO_COMMON_BLOCKS = YES;
				GCC_OPTIMIZATION_LEVEL = 0;
				GCC_PREPROCESSOR_DEFINITIONS = (
					"DEBUG=1",
					"$(inherited)",
				);
				GCC_WARN_64_TO_32_BIT_CONVERSION = YES;
				GCC_WARN_ABOUT_RETURN_TYPE = YES_ERROR;
				GCC_WARN_UNDECLARED_SELECTOR = YES;
				GCC_WARN_UNINITIALIZED_AUTOS = YES_AGGRESSIVE;
				GCC_WARN_UNUSED_FUNCTION = YES;
				GCC_WARN_UNUSED_VARIABLE = YES;
				IPHONEOS_DEPLOYMENT_TARGET = 10.2;
				MTL_ENABLE_DEBUG_INFO = YES;
				ONLY_ACTIVE_ARCH = YES;
				SDKROOT = iphoneos;
				SWIFT_ACTIVE_COMPILATION_CONDITIONS = DEBUG;
				SWIFT_OPTIMIZATION_LEVEL = "-Onone";
			};
			name = Debug;
		};
		512A29F61E2A3D24002C61D7 /* Release */ = {
			isa = XCBuildConfiguration;
			buildSettings = {
				ALWAYS_SEARCH_USER_PATHS = NO;
				CLANG_ANALYZER_NONNULL = YES;
				CLANG_CXX_LANGUAGE_STANDARD = "gnu++0x";
				CLANG_CXX_LIBRARY = "libc++";
				CLANG_ENABLE_MODULES = YES;
				CLANG_ENABLE_OBJC_ARC = YES;
				CLANG_WARN_BOOL_CONVERSION = YES;
				CLANG_WARN_CONSTANT_CONVERSION = YES;
				CLANG_WARN_DIRECT_OBJC_ISA_USAGE = YES_ERROR;
				CLANG_WARN_DOCUMENTATION_COMMENTS = YES;
				CLANG_WARN_EMPTY_BODY = YES;
				CLANG_WARN_ENUM_CONVERSION = YES;
				CLANG_WARN_INFINITE_RECURSION = YES;
				CLANG_WARN_INT_CONVERSION = YES;
				CLANG_WARN_OBJC_ROOT_CLASS = YES_ERROR;
				CLANG_WARN_SUSPICIOUS_MOVE = YES;
				CLANG_WARN_UNREACHABLE_CODE = YES;
				CLANG_WARN__DUPLICATE_METHOD_MATCH = YES;
				"CODE_SIGN_IDENTITY[sdk=iphoneos*]" = "iPhone Developer";
				COPY_PHASE_STRIP = NO;
				DEBUG_INFORMATION_FORMAT = "dwarf-with-dsym";
				ENABLE_NS_ASSERTIONS = NO;
				ENABLE_STRICT_OBJC_MSGSEND = YES;
				GCC_C_LANGUAGE_STANDARD = gnu99;
				GCC_NO_COMMON_BLOCKS = YES;
				GCC_WARN_64_TO_32_BIT_CONVERSION = YES;
				GCC_WARN_ABOUT_RETURN_TYPE = YES_ERROR;
				GCC_WARN_UNDECLARED_SELECTOR = YES;
				GCC_WARN_UNINITIALIZED_AUTOS = YES_AGGRESSIVE;
				GCC_WARN_UNUSED_FUNCTION = YES;
				GCC_WARN_UNUSED_VARIABLE = YES;
				IPHONEOS_DEPLOYMENT_TARGET = 10.2;
				MTL_ENABLE_DEBUG_INFO = NO;
				SDKROOT = iphoneos;
				SWIFT_OPTIMIZATION_LEVEL = "-Owholemodule";
				VALIDATE_PRODUCT = YES;
			};
			name = Release;
		};
		512A29F81E2A3D24002C61D7 /* Debug */ = {
			isa = XCBuildConfiguration;
			buildSettings = {
				ASSETCATALOG_COMPILER_APPICON_NAME = AppIcon;
				INFOPLIST_FILE = SlideshowApp/Info.plist;
				LD_RUNPATH_SEARCH_PATHS = "$(inherited) @executable_path/Frameworks";
				PRODUCT_BUNDLE_IDENTIFIER = jp.techacademy.manabu.nikaido.SlideshowApp;
				PRODUCT_NAME = "$(TARGET_NAME)";
				SWIFT_VERSION = 3.0;
			};
			name = Debug;
		};
		512A29F91E2A3D24002C61D7 /* Release */ = {
			isa = XCBuildConfiguration;
			buildSettings = {
				ASSETCATALOG_COMPILER_APPICON_NAME = AppIcon;
				INFOPLIST_FILE = SlideshowApp/Info.plist;
				LD_RUNPATH_SEARCH_PATHS = "$(inherited) @executable_path/Frameworks";
				PRODUCT_BUNDLE_IDENTIFIER = jp.techacademy.manabu.nikaido.SlideshowApp;
				PRODUCT_NAME = "$(TARGET_NAME)";
				SWIFT_VERSION = 3.0;
			};
			name = Release;
		};
/* End XCBuildConfiguration section */

/* Begin XCConfigurationList section */
		512A29E01E2A3D24002C61D7 /* Build configuration list for PBXProject "SlideshowApp" */ = {
			isa = XCConfigurationList;
			buildConfigurations = (
				512A29F51E2A3D24002C61D7 /* Debug */,
				512A29F61E2A3D24002C61D7 /* Release */,
			);
			defaultConfigurationIsVisible = 0;
			defaultConfigurationName = Release;
		};
		512A29F71E2A3D24002C61D7 /* Build configuration list for PBXNativeTarget "SlideshowApp" */ = {
			isa = XCConfigurationList;
			buildConfigurations = (
				512A29F81E2A3D24002C61D7 /* Debug */,
				512A29F91E2A3D24002C61D7 /* Release */,
			);
			defaultConfigurationIsVisible = 0;
			defaultConfigurationName = Release;
		};
/* End XCConfigurationList section */
	};
	rootObject = 512A29DD1E2A3D24002C61D7 /* Project object */;
}
